{"version":4,"terraform_version":"1.9.0","serial":24,"lineage":"9f1a99ad-446f-a911-fee1-e9f87b888625","outputs":{"k8s-cluster-id":{"value":"ocid1.cluster.oc1.eu-frankfurt-1.aaaaaaaa63ztbjbukcnchmsgt45xrygxdfmu45wag5vrmke4dcy7r53ehl2q","type":"string"},"nginx-ingress-secgroup-ocid":{"value":"ocid1.networksecuritygroup.oc1.eu-frankfurt-1.aaaaaaaa6m47c52764nlmpvvvy74bcigt6g4hqeokx2j24mevcwi7j4xopuq","type":"string"}},"resources":[{"mode":"managed","type":"helm_release","name":"flux_operator","provider":"provider[\"registry.opentofu.org/hashicorp/helm\"]","instances":[{"schema_version":1,"attributes":{"atomic":false,"chart":"flux-operator","cleanup_on_fail":false,"create_namespace":true,"dependency_update":false,"description":null,"devel":null,"disable_crd_hooks":false,"disable_openapi_validation":false,"disable_webhooks":false,"force_update":false,"id":"flux-operator","keyring":null,"lint":false,"manifest":null,"max_history":0,"metadata":[{"app_version":"v0.17.0","chart":"flux-operator","first_deployed":1741096213,"last_deployed":1741096213,"name":"flux-operator","namespace":"flux-system","notes":"Documentation at https://fluxcd.control-plane.io/operator/\n","revision":1,"values":"{}","version":"0.17.0"}],"name":"flux-operator","namespace":"flux-system","pass_credentials":false,"postrender":[],"recreate_pods":false,"render_subchart_notes":true,"replace":false,"repository":"oci://ghcr.io/controlplaneio-fluxcd/charts","repository_ca_file":null,"repository_cert_file":null,"repository_key_file":null,"repository_password":null,"repository_username":null,"reset_values":false,"reuse_values":false,"set":[],"set_list":[],"set_sensitive":[],"skip_crds":false,"status":"deployed","timeout":300,"upgrade_install":null,"values":null,"verify":false,"version":"0.17.0","wait":true,"wait_for_jobs":false},"sensitive_attributes":[[{"type":"get_attr","value":"repository_password"}]],"private":"eyJzY2hlbWFfdmVyc2lvbiI6IjEifQ==","dependencies":["kubernetes_secret.git_auth"]}]},{"mode":"managed","type":"kubernetes_manifest","name":"flux_instance","provider":"provider[\"registry.opentofu.org/hashicorp/kubernetes\"]","instances":[{"schema_version":1,"attributes":{"computed_fields":null,"field_manager":[],"manifest":{"value":{"apiVersion":"fluxcd.controlplane.io/v1","kind":"FluxInstance","metadata":{"name":"flux","namespace":"flux-system"},"spec":{"cluster":{"domain":"cluster.local","multitenant":"false","networkPolicy":"true","tenantDefaultServiceAccount":"default","type":"kubernetes"},"components":["source-controller","kustomize-controller","helm-controller","notification-controller","image-reflector-controller","image-automation-controller"],"distribution":{"artifact":"oci://ghcr.io/controlplaneio-fluxcd/flux-operator-manifests","registry":"ghcr.io/fluxcd","version":"2.x"},"sync":{"interval":"1m","kind":"GitRepository","path":"./","pullSecret":"flux-system","ref":"main","url":"https://github.com/InnovITHub/free-oci-kubernetes"},"wait":"true"}},"type":["object",{"apiVersion":"string","kind":"string","metadata":["object",{"name":"string","namespace":"string"}],"spec":["object",{"cluster":["object",{"domain":"string","multitenant":"string","networkPolicy":"string","tenantDefaultServiceAccount":"string","type":"string"}],"components":["tuple",["string","string","string","string","string","string"]],"distribution":["object",{"artifact":"string","registry":"string","version":"string"}],"sync":["object",{"interval":"string","kind":"string","path":"string","pullSecret":"string","ref":"string","url":"string"}],"wait":"string"}]}]},"object":{"value":{"apiVersion":"fluxcd.controlplane.io/v1","kind":"FluxInstance","metadata":{"annotations":null,"creationTimestamp":null,"deletionGracePeriodSeconds":null,"deletionTimestamp":null,"finalizers":null,"generateName":null,"generation":null,"labels":null,"managedFields":null,"name":"flux","namespace":"flux-system","ownerReferences":null,"resourceVersion":null,"selfLink":null,"uid":null},"spec":{"cluster":{"domain":"cluster.local","multitenant":false,"networkPolicy":true,"tenantDefaultServiceAccount":"default","type":"kubernetes"},"commonMetadata":{"annotations":null,"labels":null},"components":["source-controller","kustomize-controller","helm-controller","notification-controller","image-reflector-controller","image-automation-controller"],"distribution":{"artifact":"oci://ghcr.io/controlplaneio-fluxcd/flux-operator-manifests","artifactPullSecret":null,"imagePullSecret":null,"registry":"ghcr.io/fluxcd","version":"2.x"},"kustomize":{"patches":null},"migrateResources":true,"sharding":{"key":null,"shards":null},"storage":{"class":null,"size":null},"sync":{"interval":"1m","kind":"GitRepository","name":null,"path":"./","provider":null,"pullSecret":"flux-system","ref":"main","url":"https://github.com/InnovITHub/free-oci-kubernetes"},"wait":true}},"type":["object",{"apiVersion":"string","kind":"string","metadata":["object",{"annotations":["map","string"],"creationTimestamp":"string","deletionGracePeriodSeconds":"number","deletionTimestamp":"string","finalizers":["list","string"],"generateName":"string","generation":"number","labels":["map","string"],"managedFields":["tuple",[["object",{"apiVersion":"string","fieldsType":"string","fieldsV1":"dynamic","manager":"string","operation":"string","subresource":"string","time":"string"}]]],"name":"string","namespace":"string","ownerReferences":["list",["object",{"apiVersion":"string","blockOwnerDeletion":"bool","controller":"bool","kind":"string","name":"string","uid":"string"}]],"resourceVersion":"string","selfLink":"string","uid":"string"}],"spec":["object",{"cluster":["object",{"domain":"string","multitenant":"bool","networkPolicy":"bool","tenantDefaultServiceAccount":"string","type":"string"}],"commonMetadata":["object",{"annotations":["map","string"],"labels":["map","string"]}],"components":["list","string"],"distribution":["object",{"artifact":"string","artifactPullSecret":"string","imagePullSecret":"string","registry":"string","version":"string"}],"kustomize":["object",{"patches":["list",["object",{"patch":"string","target":["object",{"annotationSelector":"string","group":"string","kind":"string","labelSelector":"string","name":"string","namespace":"string","version":"string"}]}]]}],"migrateResources":"bool","sharding":["object",{"key":"string","shards":["list","string"]}],"storage":["object",{"class":"string","size":"string"}],"sync":["object",{"interval":"string","kind":"string","name":"string","path":"string","provider":"string","pullSecret":"string","ref":"string","url":"string"}],"wait":"bool"}]}]},"timeouts":[],"wait":[],"wait_for":null},"sensitive_attributes":[],"dependencies":["helm_release.flux_operator","kubernetes_secret.git_auth"]}]},{"mode":"managed","type":"kubernetes_secret","name":"git_auth","provider":"provider[\"registry.opentofu.org/hashicorp/kubernetes\"]","instances":[{"index_key":0,"schema_version":0,"attributes":{"binary_data":null,"binary_data_wo":null,"binary_data_wo_revision":null,"data":{"password":"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","username":"git"},"data_wo":null,"data_wo_revision":null,"id":"flux-system/flux-system","immutable":false,"metadata":[{"annotations":{},"generate_name":"","generation":0,"labels":{},"name":"flux-system","namespace":"flux-system","resource_version":"172039","uid":"c84fbf4b-957e-46c0-9afa-2916e6e512f0"}],"timeouts":null,"type":"Opaque","wait_for_service_account_token":true},"sensitive_attributes":[[{"type":"get_attr","value":"binary_data"}],[{"type":"get_attr","value":"data"}],[{"type":"get_attr","value":"data"},{"type":"index","value":{"value":"password","type":"string"}}]],"private":"eyJlMmJmYjczMC1lY2FhLTExZTYtOGY4OC0zNDM2M2JjN2M0YzAiOnsiY3JlYXRlIjo2MDAwMDAwMDAwMH19"}]},{"mode":"managed","type":"local_file","name":"ingress_sec_group_oidc","provider":"provider[\"registry.opentofu.org/hashicorp/local\"]","instances":[{"schema_version":0,"attributes":{"content":"# AUTO-GENERATED from Terraform. Do not edit manually.\n#\napiVersion: v1\nkind: ConfigMap\nmetadata:\n  name: ingress-secgroup-oidc\n  namespace: kube-system\ndata:\n  values.yaml: |\n    controller:\n      service:\n        annotations:\n          oci-network-load-balancer.oraclecloud.com/oci-network-security-groups: \"ocid1.networksecuritygroup.oc1.eu-frankfurt-1.aaaaaaaa6m47c52764nlmpvvvy74bcigt6g4hqeokx2j24mevcwi7j4xopuq\"\n","content_base64":null,"content_base64sha256":"u6iS9nxq5QAE9kYH6574nycloiT7MiLitfGbF2VYbUs=","content_base64sha512":"5jKuJESKWf0/sg7HZGFxVyKvFkttz8XzdOjPnZuEH1TnfA2ND2IuxNl/u2TwYp8O1n5VjdV6fxovCgsNZXUpGw==","content_md5":"447bce54c07caf7677a464c398cd11fd","content_sha1":"957394108d9b0a04778deaab2c831d0e5a698869","content_sha256":"bba892f67c6ae50004f64607eb9ef89f2725a224fb3222e2b5f19b1765586d4b","content_sha512":"e632ae24448a59fd3fb20ec76461715722af164b6dcfc5f374e8cf9d9b841f54e77c0d8d0f622ec4d97fbb64f0629f0ed67e558dd57a7f1a2f0a0b0d6575291b","directory_permission":"0777","file_permission":"0640","filename":"../flux-modules/kube-system/ingress-nginx-secgroup-oidc-cm.yaml","id":"957394108d9b0a04778deaab2c831d0e5a698869","sensitive_content":null,"source":null},"sensitive_attributes":[[{"type":"get_attr","value":"sensitive_content"}]],"dependencies":["module.vcn.oci_core_vcn.vcn","oci_core_network_security_group.nginx_ingress_network_security_group"]}]},{"mode":"managed","type":"oci_bastion_bastion","name":"k8s_bastion","provider":"provider[\"registry.opentofu.org/oracle/oci\"]","instances":[{"schema_version":0,"attributes":{"bastion_type":"STANDARD","client_cidr_block_allow_list":["0.0.0.0/0"],"compartment_id":"ocid1.tenancy.oc1..aaaaaaaaa4beorissd4mjfwzawrp2mxhhbolxlppv4rie7uoifkvnxg5unga","defined_tags":{"Oracle-Tags.CreatedBy":"default/pensionaru","Oracle-Tags.CreatedOn":"2025-03-04T00:54:10.571Z"},"dns_proxy_status":"DISABLED","freeform_tags":{},"id":"ocid1.bastion.oc1.eu-frankfurt-1.amaaaaaafiarzayaylfmdz2reo5sr5k2pxxgefytvftofbun4weyfqozgnja","lifecycle_details":null,"max_session_ttl_in_seconds":10800,"max_sessions_allowed":20,"name":"k8s","phone_book_entry":null,"private_endpoint_ip_address":"10.0.1.228","state":"ACTIVE","static_jump_host_ip_addresses":[],"system_tags":{},"target_subnet_id":"ocid1.subnet.oc1.eu-frankfurt-1.aaaaaaaazvo6jvhewgi5plgez3ud6oynmfhfqtso2bvrjsnrzcuwkovop6za","target_vcn_id":"ocid1.vcn.oc1.eu-frankfurt-1.amaaaaaafiarzayairoeyaab65zuozhritwtjymiezzx4rlhru6uinesw7vq","time_created":"2025-03-04 00:54:13.748 +0000 UTC","time_updated":"2025-03-04 00:56:21.585 +0000 UTC","timeouts":null},"sensitive_attributes":[],"private":"eyJlMmJmYjczMC1lY2FhLTExZTYtOGY4OC0zNDM2M2JjN2M0YzAiOnsiY3JlYXRlIjoxMjAwMDAwMDAwMDAwLCJkZWxldGUiOjEyMDAwMDAwMDAwMDAsInVwZGF0ZSI6MTIwMDAwMDAwMDAwMH19","dependencies":["module.vcn.data.oci_core_services.all_oci_services","module.vcn.oci_core_local_peering_gateway.lpg","module.vcn.oci_core_nat_gateway.nat_gateway","module.vcn.oci_core_route_table.nat","module.vcn.oci_core_service_gateway.service_gateway","module.vcn.oci_core_vcn.vcn","oci_core_security_list.private_subnet_sl","oci_core_subnet.vcn_private_subnet"]}]},{"mode":"managed","type":"oci_containerengine_cluster","name":"k8s_cluster","provider":"provider[\"registry.opentofu.org/oracle/oci\"]","instances":[{"schema_version":0,"attributes":{"available_kubernetes_upgrades":["v1.31.1"],"cluster_pod_network_options":[{"cni_type":"FLANNEL_OVERLAY"}],"compartment_id":"ocid1.tenancy.oc1..aaaaaaaaa4beorissd4mjfwzawrp2mxhhbolxlppv4rie7uoifkvnxg5unga","defined_tags":{"Oracle-Tags.CreatedBy":"default/pensionaru","Oracle-Tags.CreatedOn":"2025-03-04T00:54:09.651Z"},"endpoint_config":[{"is_public_ip_enabled":true,"nsg_ids":[],"subnet_id":"ocid1.subnet.oc1.eu-frankfurt-1.aaaaaaaa7rzn6vfcxs5fnejxt6hnrgsk4grietm3bfvlaukfzjqytov6duoq"}],"endpoints":[{"kubernetes":"","private_endpoint":"10.0.0.203:6443","public_endpoint":"130.162.220.159:6443","vcn_hostname_endpoint":""}],"freeform_tags":{},"id":"ocid1.cluster.oc1.eu-frankfurt-1.aaaaaaaa63ztbjbukcnchmsgt45xrygxdfmu45wag5vrmke4dcy7r53ehl2q","image_policy_config":[{"is_policy_enabled":false,"key_details":[]}],"kms_key_id":null,"kubernetes_version":"v1.30.1","lifecycle_details":null,"metadata":[{"created_by_user_id":"ocid1.user.oc1..aaaaaaaaxmw2bbwnyp2oqn6fiy7pamm7xklwkf5igzhm5zeqnfzsihffdbhq","created_by_work_request_id":"ocid1.clustersworkrequest.oc1.eu-frankfurt-1.aaaaaaaaqhszwk5j6brghg2q2df4wsdwg3zk37woxzcyazqebwux7zuvseoa","deleted_by_user_id":"","deleted_by_work_request_id":"","time_created":"2025-03-04 00:54:10 +0000 UTC","time_credential_expiration":"2030-03-04 00:54:46 +0000 UTC","time_deleted":"","time_updated":"","updated_by_user_id":"","updated_by_work_request_id":""}],"name":"free-k8s-cluster","options":[{"add_ons":[{"is_kubernetes_dashboard_enabled":false,"is_tiller_enabled":false}],"admission_controller_options":[{"is_pod_security_policy_enabled":false}],"kubernetes_network_config":[{"pods_cidr":"10.244.0.0/16","services_cidr":"10.96.0.0/16"}],"persistent_volume_config":[{"defined_tags":{},"freeform_tags":{}}],"service_lb_config":[{"defined_tags":{},"freeform_tags":{}}],"service_lb_subnet_ids":["ocid1.subnet.oc1.eu-frankfurt-1.aaaaaaaa7rzn6vfcxs5fnejxt6hnrgsk4grietm3bfvlaukfzjqytov6duoq"]}],"state":"ACTIVE","timeouts":null,"type":"BASIC_CLUSTER","vcn_id":"ocid1.vcn.oc1.eu-frankfurt-1.amaaaaaafiarzayairoeyaab65zuozhritwtjymiezzx4rlhru6uinesw7vq"},"sensitive_attributes":[],"private":"eyJlMmJmYjczMC1lY2FhLTExZTYtOGY4OC0zNDM2M2JjN2M0YzAiOnsiY3JlYXRlIjozNjAwMDAwMDAwMDAwLCJkZWxldGUiOjM2MDAwMDAwMDAwMDAsInVwZGF0ZSI6MzYwMDAwMDAwMDAwMH19","dependencies":["module.vcn.oci_core_internet_gateway.ig","module.vcn.oci_core_local_peering_gateway.lpg","module.vcn.oci_core_route_table.ig","module.vcn.oci_core_vcn.vcn","oci_core_security_list.public_subnet_sl","oci_core_subnet.vcn_public_subnet"]}]},{"mode":"managed","type":"oci_containerengine_node_pool","name":"k8s_node_pool","provider":"provider[\"registry.opentofu.org/oracle/oci\"]","instances":[{"index_key":0,"schema_version":0,"attributes":{"cluster_id":"ocid1.cluster.oc1.eu-frankfurt-1.aaaaaaaa63ztbjbukcnchmsgt45xrygxdfmu45wag5vrmke4dcy7r53ehl2q","compartment_id":"ocid1.tenancy.oc1..aaaaaaaaa4beorissd4mjfwzawrp2mxhhbolxlppv4rie7uoifkvnxg5unga","defined_tags":{"Oracle-Tags.CreatedBy":"default/pensionaru","Oracle-Tags.CreatedOn":"2025-03-04T01:02:16.957Z"},"freeform_tags":{},"id":"ocid1.nodepool.oc1.eu-frankfurt-1.aaaaaaaa5fok3hg4zody6mah2e2tcijjxjss4qc46spjwulgkne2rae6adda","initial_node_labels":[{"key":"name","value":"free-k8s-cluster-pool-0"}],"kubernetes_version":"v1.30.1","lifecycle_details":null,"name":"free-k8s-node-pool-0","node_config_details":[{"defined_tags":{},"freeform_tags":{"type":"k8s"},"is_pv_encryption_in_transit_enabled":false,"kms_key_id":"","node_pool_pod_network_option_details":[{"cni_type":"FLANNEL_OVERLAY","max_pods_per_node":0,"pod_nsg_ids":[],"pod_subnet_ids":[]}],"nsg_ids":[],"placement_configs":[{"availability_domain":"lIXD:EU-FRANKFURT-1-AD-2","capacity_reservation_id":"","fault_domains":[],"preemptible_node_config":[],"subnet_id":"ocid1.subnet.oc1.eu-frankfurt-1.aaaaaaaazvo6jvhewgi5plgez3ud6oynmfhfqtso2bvrjsnrzcuwkovop6za"}],"size":1}],"node_eviction_node_pool_settings":[],"node_image_id":"ocid1.image.oc1.eu-frankfurt-1.aaaaaaaaxp4b3zykqz7qh3du66gtkoxboqbx3htdx3bq4tzlnem7z54po6yq","node_image_name":"Oracle-Linux-8.9-aarch64-2024.05.29-0-OKE-1.30.1-707","node_metadata":{"user_data":"IyEvYmluL2Jhc2gKCmVjaG8gIkNoZWNraW5nIHRvb2xzIgp3aGljaCBvY2kgMj4mMSAxPi9kZXYvbnVsbAppZiBbWyAkPyAtZXEgMSBdXTsgdGhlbgoJZWNobyAiSW5zdGFsbGluZyB0b29scy4uLiIKCWRuZiBpbnN0YWxsIGpxIHB5dGhvbjM2LW9jaS1jbGkgLXlxCmVsc2UKCWVjaG8gIlRvb2xzIGZvdW5kLiIKZmkKCnNldCAtZQoKZXhwb3J0IE9DSV9DTElfQVVUSD1pbnN0YW5jZV9wcmluY2lwYWwKCkRFVj0iL2Rldi9zZGIiCklOU1RBTkNFX09DSUQ9JChjdXJsIC1zIC1IICJBdXRob3JpemF0aW9uOiBCZWFyZXIgT3JhY2xlIiAtTCBodHRwOi8vMTY5LjI1NC4xNjkuMjU0L29wYy92Mi9pbnN0YW5jZS8gfCBqcSAtciAnLmlkJykKQ09NUEFSVE1FTlRfT0NJRD0kKGN1cmwgLXMgLUggIkF1dGhvcml6YXRpb246IEJlYXJlciBPcmFjbGUiIC1MIGh0dHA6Ly8xNjkuMjU0LjE2OS4yNTQvb3BjL3YyL2luc3RhbmNlLyB8IGpxIC1yICcuY29tcGFydG1lbnRJZCcpCkFEPSQoY3VybCAtcyAtSCAiQXV0aG9yaXphdGlvbjogQmVhcmVyIE9yYWNsZSIgLUwgaHR0cDovLzE2OS4yNTQuMTY5LjI1NC9vcGMvdjIvaW5zdGFuY2UvIHwganEgLXIgJy5hdmFpbGFiaWxpdHlEb21haW4nKQoKIyBHZXQgdGhlIE9DSUQgb2YgdGhlIGJsb2NrIHZvbHVtZQpCTE9DS19WT0xVTUVfT0NJRD0kKG9jaSBidiB2b2x1bWUgbGlzdCAtLWNvbXBhcnRtZW50LWlkPSR7Q09NUEFSVE1FTlRfT0NJRH0gLS1saWZlY3ljbGUtc3RhdGUgQVZBSUxBQkxFIC0tYXZhaWxhYmlsaXR5LWRvbWFpbiAke0FEfSB8IGpxIC1yICcuZGF0YVswXS5pZCcpCmlmIFtbICRCTE9DS19WT0xVTUVfT0NJRCA9PSAiIiBdXTsgdGhlbgoJZWNobyAiQ2FuJ3QgZmluZCB2YWxpZCBibG9jayB2b2x1bWUuIEV4aXRpbmcuIgoJZXhpdCAxCmVsc2UKCWVjaG8gIkZvdW5kIGJsb2NrIHZvbHVtZSB0byBtb3VudDogJEJMT0NLX1ZPTFVNRV9PQ0lEIgpmaQoKIyBDaGVjayBpZiB0aGUgdm9sdW1lIGlzIGFscmVhZHkgYXR0YWNoZWQgdG8gdGhlIGluc3RhbmNlCmVjaG8gIkNoZWNraW5nIGN1cnJlbnQgdm9sdW1lIHN0YXRlLi4uIgpBVFRBQ0hFRF9JTlNUQU5DRT0kKG9jaSBjb21wdXRlIHZvbHVtZS1hdHRhY2htZW50IGxpc3QgLS12b2x1bWUtaWQgJEJMT0NLX1ZPTFVNRV9PQ0lEIC0tY29tcGFydG1lbnQtaWQgJENPTVBBUlRNRU5UX09DSUQgfCBqcSAtciAnLmRhdGEgfCBzb3J0X2J5KC4idGltZS1jcmVhdGVkIikgfCBsYXN0IHwgLiJpbnN0YW5jZS1pZCInKQpTVEFURT0kKG9jaSBjb21wdXRlIHZvbHVtZS1hdHRhY2htZW50IGxpc3QgLS12b2x1bWUtaWQgJEJMT0NLX1ZPTFVNRV9PQ0lEIC0tY29tcGFydG1lbnQtaWQgJENPTVBBUlRNRU5UX09DSUQgfCBqcSAtciAnLmRhdGEgfCBzb3J0X2J5KC4idGltZS1jcmVhdGVkIikgfCBsYXN0IHwgLiJsaWZlY3ljbGUtc3RhdGUiJykKaWYgW1sgIiRBVFRBQ0hFRF9JTlNUQU5DRSIgPT0gIiRJTlNUQU5DRV9PQ0lEIiAmJiAiJFNUQVRFIiA9PSAiQVRUQUNIRUQiIF1dOyB0aGVuCgllY2hvICJCbG9jayB2b2x1bWUgaXMgYWxyZWFkeSBhdHRhY2hlZCB0byB0aGUgY3VycmVudCBpbnN0YW5jZSIKZWxpZiBbWyAiJEFUVEFDSEVEX0lOU1RBTkNFIiA9PSAiIiB8fCAiJFNUQVRFIiA9PSAiREVUQUNIRUQiIF1dOyB0aGVuCgkjIFRoZSB2b2x1bWUgaXMgbm90IGF0dGFjaGVkLCBhdHRhY2ggaXQgdG8gdGhlIGluc3RhbmNlCgllY2hvICJCbG9jayB2b2x1bWUgJEJMT0NLX1ZPTFVNRV9PQ0lEIGlzIGluIHN0YXRlICRTVEFURSwgcmVxdWVzdGluZyBhdHRhY2htZW50Li4uIgoJb2NpIGNvbXB1dGUgdm9sdW1lLWF0dGFjaG1lbnQgYXR0YWNoIC0tdm9sdW1lLWlkICRCTE9DS19WT0xVTUVfT0NJRCAtLWluc3RhbmNlLWlkICRJTlNUQU5DRV9PQ0lEIC0tdHlwZSBwYXJhdmlydHVhbGl6ZWQKCgkjIFdhaXQgZm9yIHRoZSBhdHRhY2htZW50IHRvIGNvbXBsZXRlCglBVFRBQ0hfU1RBVFVTPSIiCgl3aGlsZSBbWyAiJEFUVEFDSF9TVEFUVVMiICE9ICJBVFRBQ0hFRCIgXV07IGRvCgkJc2xlZXAgMgoJCUFUVEFDSF9TVEFUVVM9JChvY2kgY29tcHV0ZSB2b2x1bWUtYXR0YWNobWVudCBsaXN0IC0tdm9sdW1lLWlkICRCTE9DS19WT0xVTUVfT0NJRCAtLWNvbXBhcnRtZW50LWlkICRDT01QQVJUTUVOVF9PQ0lEIHwganEgLXIgJy5kYXRhIHwgc29ydF9ieSguInRpbWUtY3JlYXRlZCIpIHwgbGFzdCB8IC4ibGlmZWN5Y2xlLXN0YXRlIicpCgkJZWNobyAiQmxvY2sgdm9sdW1lICRCTE9DS19WT0xVTUVfT0NJRCBpcyBpbiBzdGF0ZSAkQVRUQUNIX1NUQVRVUy4uLiIKCWRvbmUKCWVjaG8gIkJsb2NrIHZvbHVtZSAkQkxPQ0tfVk9MVU1FX09DSUQgYXR0YWNoZWQgdG8gaW5zdGFuY2UiCmVsc2UKCSMgdGhlIHZvbHVtZSBpcyBhdHRhY2hlZCBhbHJlYWR5IHRvIGFub3RoZXIgaW5zdGFuY2UKCWVjaG8gIlRoZSB2b2x1bWUgJEJMT0NLX1ZPTFVNRV9PQ0lEIGluIHN0YXRlICRTVEFURSBpcyBhbHJlYWR5IGF0dGFjaGVkIHRvIGFub3RoZXIgaW5zdGFuY2UgJEFUVEFDSEVEX0lOU1RBTkNFLiBFeGl0aW5nLiIKCWV4aXQgMQpmaQoKbHMgLWxhIC9kZXYvc2QqCgppZiBbWyAkKGxzYmxrIC1mIHwgZ3JlcCAic2RiMSIgfCBncmVwICJleHQ0IikgIT0gIiIgXV07IHRoZW4KCWVjaG8gIlZvbHVtZSAkREVWIGFscmVhZHkgaGFzIGEgZmlsZXN5c3RlbSIKZWxzZQoJZWNobyAiQ3JlYXRpbmcgcGFydGl0aW9uIGFuZCBmaWxlc3lzdGVtIG9uICRERVYiCglwYXJ0ZWQgLS1zY3JpcHQgJERFViBta2xhYmVsIGdwdCBta3BhcnQgcHJpbWFyeSBleHQ0IDAlIDEwMCUKCXBhcnRwcm9iZSAkREVWCglta2ZzLmV4dDQgLUwgc3J2ICR7REVWfTEKZmkKCmlmIFtbIC1kIC9zcnYgXV07IHRoZW4KCWVjaG8gIi9zcnYgZXhpc3RzIgplbHNlCglta2RpciAvc3J2CgllY2hvICIvc3J2IGNyZWF0ZWQiCmZpCgpzZXQgK2UKZWNobyAiTW91bnRpbmcgJHtERVZ9MSBvbiAvc3J2Igptb3VudCAke0RFVn0xIC9zcnYKZWNobyAiJHtERVZ9MSBtb3VudGVkIGFuZCByZWFkeSIKCmVjaG8gIlJ1bm5pZyBPS0Ugc2NyaXB0IgpjdXJsIC0tZmFpbCAtSCAiQXV0aG9yaXphdGlvbjogQmVhcmVyIE9yYWNsZSIgLUwwIGh0dHA6Ly8xNjkuMjU0LjE2OS4yNTQvb3BjL3YyL2luc3RhbmNlL21ldGFkYXRhL29rZV9pbml0X3NjcmlwdCB8IGJhc2U2NCAtLWRlY29kZSA+L3Zhci9ydW4vb2tlLWluaXQuc2gKYmFzaCAvdmFyL3J1bi9va2UtaW5pdC5zaAo="},"node_pool_cycling_details":[],"node_shape":"VM.Standard.A1.Flex","node_shape_config":[{"memory_in_gbs":12,"ocpus":2}],"node_source":[{"image_id":"ocid1.image.oc1.eu-frankfurt-1.aaaaaaaaxp4b3zykqz7qh3du66gtkoxboqbx3htdx3bq4tzlnem7z54po6yq","source_name":"Oracle-Linux-8.9-aarch64-2024.05.29-0-OKE-1.30.1-707","source_type":"IMAGE"}],"node_source_details":[{"boot_volume_size_in_gbs":"","image_id":"ocid1.image.oc1.eu-frankfurt-1.aaaaaaaaxp4b3zykqz7qh3du66gtkoxboqbx3htdx3bq4tzlnem7z54po6yq","source_type":"IMAGE"}],"nodes":[{"availability_domain":"lIXD:EU-FRANKFURT-1-AD-2","defined_tags":{},"error":[],"fault_domain":"FAULT-DOMAIN-1","freeform_tags":{},"id":"ocid1.instance.oc1.eu-frankfurt-1.antheljtfiarzayceq3ci7i4trzr5ndcbouza7fw4st3yojx7fxzvvkxeheq","kubernetes_version":"v1.30.1","lifecycle_details":"","name":"oke-cy7r53ehl2q-ne2rae6adda-suwkovop6za-0","node_pool_id":"ocid1.nodepool.oc1.eu-frankfurt-1.aaaaaaaa5fok3hg4zody6mah2e2tcijjxjss4qc46spjwulgkne2rae6adda","private_ip":"10.0.1.69","public_ip":"","state":"ACTIVE","subnet_id":"ocid1.subnet.oc1.eu-frankfurt-1.aaaaaaaazvo6jvhewgi5plgez3ud6oynmfhfqtso2bvrjsnrzcuwkovop6za"}],"quantity_per_subnet":0,"ssh_public_key":"ssh-rsa AAAAB3NzaC1yc2EAAAADAQABAAABAQCpVySCnADqtkEUJFbx4qVi/1STyo/7PzpOvAQTXOB2DBvaPO7z9ZFuDRhXhQmHL176LrCFmxKEIkW7XQMpKFEDc9Ryiz8dnTcVDAdCK25K8cNKBBlwdIg58cE9Ka6BaE4NNBEZxU+uC8A1NzQkRTKrKlfhqqdtV2JWxFYFo2hB2RnNQni8uf1hzoiYsUAI+G11yOH9z+qCk5Nh9bAXcwbpC4+f0AfQZH8o0C8SDri9+H1T7uzL1+ZhsUuieggN216uuIbI5dUVbYaYyGXg+88DEPH73cKT0I9UYVrog26bSTVRpUQQH+rBSUoCYsUKA2jeR8kfDz02V1Gs1ECSSqft Keys for Kubernetes OCI Cluster","state":"ACTIVE","subnet_ids":["ocid1.subnet.oc1.eu-frankfurt-1.aaaaaaaazvo6jvhewgi5plgez3ud6oynmfhfqtso2bvrjsnrzcuwkovop6za"],"timeouts":null},"sensitive_attributes":[],"private":"eyJlMmJmYjczMC1lY2FhLTExZTYtOGY4OC0zNDM2M2JjN2M0YzAiOnsiY3JlYXRlIjozMDAwMDAwMDAwMDAwLCJkZWxldGUiOjMwMDAwMDAwMDAwMDAsInVwZGF0ZSI6MzAwMDAwMDAwMDAwMH19","dependencies":["module.vcn.data.oci_core_services.all_oci_services","module.vcn.oci_core_internet_gateway.ig","module.vcn.oci_core_local_peering_gateway.lpg","module.vcn.oci_core_nat_gateway.nat_gateway","module.vcn.oci_core_route_table.ig","module.vcn.oci_core_route_table.nat","module.vcn.oci_core_service_gateway.service_gateway","module.vcn.oci_core_vcn.vcn","oci_containerengine_cluster.k8s_cluster","oci_core_security_list.private_subnet_sl","oci_core_security_list.public_subnet_sl","oci_core_subnet.vcn_private_subnet","oci_core_subnet.vcn_public_subnet","oci_core_volume.arm_instance_volume"]},{"index_key":1,"schema_version":0,"attributes":{"cluster_id":"ocid1.cluster.oc1.eu-frankfurt-1.aaaaaaaa63ztbjbukcnchmsgt45xrygxdfmu45wag5vrmke4dcy7r53ehl2q","compartment_id":"ocid1.tenancy.oc1..aaaaaaaaa4beorissd4mjfwzawrp2mxhhbolxlppv4rie7uoifkvnxg5unga","defined_tags":{"Oracle-Tags.CreatedBy":"default/pensionaru","Oracle-Tags.CreatedOn":"2025-03-04T01:02:16.948Z"},"freeform_tags":{},"id":"ocid1.nodepool.oc1.eu-frankfurt-1.aaaaaaaa6ovox77q6s45enhdov4tl4weokxsm4zv2bh2sjeo2n2jexnvdjza","initial_node_labels":[{"key":"name","value":"free-k8s-cluster-pool-1"}],"kubernetes_version":"v1.30.1","lifecycle_details":null,"name":"free-k8s-node-pool-1","node_config_details":[{"defined_tags":{},"freeform_tags":{"type":"k8s"},"is_pv_encryption_in_transit_enabled":false,"kms_key_id":"","node_pool_pod_network_option_details":[{"cni_type":"FLANNEL_OVERLAY","max_pods_per_node":0,"pod_nsg_ids":[],"pod_subnet_ids":[]}],"nsg_ids":[],"placement_configs":[{"availability_domain":"lIXD:EU-FRANKFURT-1-AD-1","capacity_reservation_id":"","fault_domains":[],"preemptible_node_config":[],"subnet_id":"ocid1.subnet.oc1.eu-frankfurt-1.aaaaaaaazvo6jvhewgi5plgez3ud6oynmfhfqtso2bvrjsnrzcuwkovop6za"}],"size":1}],"node_eviction_node_pool_settings":[],"node_image_id":"ocid1.image.oc1.eu-frankfurt-1.aaaaaaaaxp4b3zykqz7qh3du66gtkoxboqbx3htdx3bq4tzlnem7z54po6yq","node_image_name":"Oracle-Linux-8.9-aarch64-2024.05.29-0-OKE-1.30.1-707","node_metadata":{"user_data":"IyEvYmluL2Jhc2gKCmVjaG8gIkNoZWNraW5nIHRvb2xzIgp3aGljaCBvY2kgMj4mMSAxPi9kZXYvbnVsbAppZiBbWyAkPyAtZXEgMSBdXTsgdGhlbgoJZWNobyAiSW5zdGFsbGluZyB0b29scy4uLiIKCWRuZiBpbnN0YWxsIGpxIHB5dGhvbjM2LW9jaS1jbGkgLXlxCmVsc2UKCWVjaG8gIlRvb2xzIGZvdW5kLiIKZmkKCnNldCAtZQoKZXhwb3J0IE9DSV9DTElfQVVUSD1pbnN0YW5jZV9wcmluY2lwYWwKCkRFVj0iL2Rldi9zZGIiCklOU1RBTkNFX09DSUQ9JChjdXJsIC1zIC1IICJBdXRob3JpemF0aW9uOiBCZWFyZXIgT3JhY2xlIiAtTCBodHRwOi8vMTY5LjI1NC4xNjkuMjU0L29wYy92Mi9pbnN0YW5jZS8gfCBqcSAtciAnLmlkJykKQ09NUEFSVE1FTlRfT0NJRD0kKGN1cmwgLXMgLUggIkF1dGhvcml6YXRpb246IEJlYXJlciBPcmFjbGUiIC1MIGh0dHA6Ly8xNjkuMjU0LjE2OS4yNTQvb3BjL3YyL2luc3RhbmNlLyB8IGpxIC1yICcuY29tcGFydG1lbnRJZCcpCkFEPSQoY3VybCAtcyAtSCAiQXV0aG9yaXphdGlvbjogQmVhcmVyIE9yYWNsZSIgLUwgaHR0cDovLzE2OS4yNTQuMTY5LjI1NC9vcGMvdjIvaW5zdGFuY2UvIHwganEgLXIgJy5hdmFpbGFiaWxpdHlEb21haW4nKQoKIyBHZXQgdGhlIE9DSUQgb2YgdGhlIGJsb2NrIHZvbHVtZQpCTE9DS19WT0xVTUVfT0NJRD0kKG9jaSBidiB2b2x1bWUgbGlzdCAtLWNvbXBhcnRtZW50LWlkPSR7Q09NUEFSVE1FTlRfT0NJRH0gLS1saWZlY3ljbGUtc3RhdGUgQVZBSUxBQkxFIC0tYXZhaWxhYmlsaXR5LWRvbWFpbiAke0FEfSB8IGpxIC1yICcuZGF0YVswXS5pZCcpCmlmIFtbICRCTE9DS19WT0xVTUVfT0NJRCA9PSAiIiBdXTsgdGhlbgoJZWNobyAiQ2FuJ3QgZmluZCB2YWxpZCBibG9jayB2b2x1bWUuIEV4aXRpbmcuIgoJZXhpdCAxCmVsc2UKCWVjaG8gIkZvdW5kIGJsb2NrIHZvbHVtZSB0byBtb3VudDogJEJMT0NLX1ZPTFVNRV9PQ0lEIgpmaQoKIyBDaGVjayBpZiB0aGUgdm9sdW1lIGlzIGFscmVhZHkgYXR0YWNoZWQgdG8gdGhlIGluc3RhbmNlCmVjaG8gIkNoZWNraW5nIGN1cnJlbnQgdm9sdW1lIHN0YXRlLi4uIgpBVFRBQ0hFRF9JTlNUQU5DRT0kKG9jaSBjb21wdXRlIHZvbHVtZS1hdHRhY2htZW50IGxpc3QgLS12b2x1bWUtaWQgJEJMT0NLX1ZPTFVNRV9PQ0lEIC0tY29tcGFydG1lbnQtaWQgJENPTVBBUlRNRU5UX09DSUQgfCBqcSAtciAnLmRhdGEgfCBzb3J0X2J5KC4idGltZS1jcmVhdGVkIikgfCBsYXN0IHwgLiJpbnN0YW5jZS1pZCInKQpTVEFURT0kKG9jaSBjb21wdXRlIHZvbHVtZS1hdHRhY2htZW50IGxpc3QgLS12b2x1bWUtaWQgJEJMT0NLX1ZPTFVNRV9PQ0lEIC0tY29tcGFydG1lbnQtaWQgJENPTVBBUlRNRU5UX09DSUQgfCBqcSAtciAnLmRhdGEgfCBzb3J0X2J5KC4idGltZS1jcmVhdGVkIikgfCBsYXN0IHwgLiJsaWZlY3ljbGUtc3RhdGUiJykKaWYgW1sgIiRBVFRBQ0hFRF9JTlNUQU5DRSIgPT0gIiRJTlNUQU5DRV9PQ0lEIiAmJiAiJFNUQVRFIiA9PSAiQVRUQUNIRUQiIF1dOyB0aGVuCgllY2hvICJCbG9jayB2b2x1bWUgaXMgYWxyZWFkeSBhdHRhY2hlZCB0byB0aGUgY3VycmVudCBpbnN0YW5jZSIKZWxpZiBbWyAiJEFUVEFDSEVEX0lOU1RBTkNFIiA9PSAiIiB8fCAiJFNUQVRFIiA9PSAiREVUQUNIRUQiIF1dOyB0aGVuCgkjIFRoZSB2b2x1bWUgaXMgbm90IGF0dGFjaGVkLCBhdHRhY2ggaXQgdG8gdGhlIGluc3RhbmNlCgllY2hvICJCbG9jayB2b2x1bWUgJEJMT0NLX1ZPTFVNRV9PQ0lEIGlzIGluIHN0YXRlICRTVEFURSwgcmVxdWVzdGluZyBhdHRhY2htZW50Li4uIgoJb2NpIGNvbXB1dGUgdm9sdW1lLWF0dGFjaG1lbnQgYXR0YWNoIC0tdm9sdW1lLWlkICRCTE9DS19WT0xVTUVfT0NJRCAtLWluc3RhbmNlLWlkICRJTlNUQU5DRV9PQ0lEIC0tdHlwZSBwYXJhdmlydHVhbGl6ZWQKCgkjIFdhaXQgZm9yIHRoZSBhdHRhY2htZW50IHRvIGNvbXBsZXRlCglBVFRBQ0hfU1RBVFVTPSIiCgl3aGlsZSBbWyAiJEFUVEFDSF9TVEFUVVMiICE9ICJBVFRBQ0hFRCIgXV07IGRvCgkJc2xlZXAgMgoJCUFUVEFDSF9TVEFUVVM9JChvY2kgY29tcHV0ZSB2b2x1bWUtYXR0YWNobWVudCBsaXN0IC0tdm9sdW1lLWlkICRCTE9DS19WT0xVTUVfT0NJRCAtLWNvbXBhcnRtZW50LWlkICRDT01QQVJUTUVOVF9PQ0lEIHwganEgLXIgJy5kYXRhIHwgc29ydF9ieSguInRpbWUtY3JlYXRlZCIpIHwgbGFzdCB8IC4ibGlmZWN5Y2xlLXN0YXRlIicpCgkJZWNobyAiQmxvY2sgdm9sdW1lICRCTE9DS19WT0xVTUVfT0NJRCBpcyBpbiBzdGF0ZSAkQVRUQUNIX1NUQVRVUy4uLiIKCWRvbmUKCWVjaG8gIkJsb2NrIHZvbHVtZSAkQkxPQ0tfVk9MVU1FX09DSUQgYXR0YWNoZWQgdG8gaW5zdGFuY2UiCmVsc2UKCSMgdGhlIHZvbHVtZSBpcyBhdHRhY2hlZCBhbHJlYWR5IHRvIGFub3RoZXIgaW5zdGFuY2UKCWVjaG8gIlRoZSB2b2x1bWUgJEJMT0NLX1ZPTFVNRV9PQ0lEIGluIHN0YXRlICRTVEFURSBpcyBhbHJlYWR5IGF0dGFjaGVkIHRvIGFub3RoZXIgaW5zdGFuY2UgJEFUVEFDSEVEX0lOU1RBTkNFLiBFeGl0aW5nLiIKCWV4aXQgMQpmaQoKbHMgLWxhIC9kZXYvc2QqCgppZiBbWyAkKGxzYmxrIC1mIHwgZ3JlcCAic2RiMSIgfCBncmVwICJleHQ0IikgIT0gIiIgXV07IHRoZW4KCWVjaG8gIlZvbHVtZSAkREVWIGFscmVhZHkgaGFzIGEgZmlsZXN5c3RlbSIKZWxzZQoJZWNobyAiQ3JlYXRpbmcgcGFydGl0aW9uIGFuZCBmaWxlc3lzdGVtIG9uICRERVYiCglwYXJ0ZWQgLS1zY3JpcHQgJERFViBta2xhYmVsIGdwdCBta3BhcnQgcHJpbWFyeSBleHQ0IDAlIDEwMCUKCXBhcnRwcm9iZSAkREVWCglta2ZzLmV4dDQgLUwgc3J2ICR7REVWfTEKZmkKCmlmIFtbIC1kIC9zcnYgXV07IHRoZW4KCWVjaG8gIi9zcnYgZXhpc3RzIgplbHNlCglta2RpciAvc3J2CgllY2hvICIvc3J2IGNyZWF0ZWQiCmZpCgpzZXQgK2UKZWNobyAiTW91bnRpbmcgJHtERVZ9MSBvbiAvc3J2Igptb3VudCAke0RFVn0xIC9zcnYKZWNobyAiJHtERVZ9MSBtb3VudGVkIGFuZCByZWFkeSIKCmVjaG8gIlJ1bm5pZyBPS0Ugc2NyaXB0IgpjdXJsIC0tZmFpbCAtSCAiQXV0aG9yaXphdGlvbjogQmVhcmVyIE9yYWNsZSIgLUwwIGh0dHA6Ly8xNjkuMjU0LjE2OS4yNTQvb3BjL3YyL2luc3RhbmNlL21ldGFkYXRhL29rZV9pbml0X3NjcmlwdCB8IGJhc2U2NCAtLWRlY29kZSA+L3Zhci9ydW4vb2tlLWluaXQuc2gKYmFzaCAvdmFyL3J1bi9va2UtaW5pdC5zaAo="},"node_pool_cycling_details":[],"node_shape":"VM.Standard.A1.Flex","node_shape_config":[{"memory_in_gbs":12,"ocpus":2}],"node_source":[{"image_id":"ocid1.image.oc1.eu-frankfurt-1.aaaaaaaaxp4b3zykqz7qh3du66gtkoxboqbx3htdx3bq4tzlnem7z54po6yq","source_name":"Oracle-Linux-8.9-aarch64-2024.05.29-0-OKE-1.30.1-707","source_type":"IMAGE"}],"node_source_details":[{"boot_volume_size_in_gbs":"","image_id":"ocid1.image.oc1.eu-frankfurt-1.aaaaaaaaxp4b3zykqz7qh3du66gtkoxboqbx3htdx3bq4tzlnem7z54po6yq","source_type":"IMAGE"}],"nodes":[{"availability_domain":"lIXD:EU-FRANKFURT-1-AD-1","defined_tags":{},"error":[],"fault_domain":"FAULT-DOMAIN-1","freeform_tags":{},"id":"ocid1.instance.oc1.eu-frankfurt-1.antheljsfiarzayclxfhydnwfo4qjejnbktjlrzdhn2cda7ymog2p34ofnxq","kubernetes_version":"v1.30.1","lifecycle_details":"","name":"oke-cy7r53ehl2q-n2jexnvdjza-suwkovop6za-0","node_pool_id":"ocid1.nodepool.oc1.eu-frankfurt-1.aaaaaaaa6ovox77q6s45enhdov4tl4weokxsm4zv2bh2sjeo2n2jexnvdjza","private_ip":"10.0.1.50","public_ip":"","state":"ACTIVE","subnet_id":"ocid1.subnet.oc1.eu-frankfurt-1.aaaaaaaazvo6jvhewgi5plgez3ud6oynmfhfqtso2bvrjsnrzcuwkovop6za"}],"quantity_per_subnet":0,"ssh_public_key":"ssh-rsa AAAAB3NzaC1yc2EAAAADAQABAAABAQCpVySCnADqtkEUJFbx4qVi/1STyo/7PzpOvAQTXOB2DBvaPO7z9ZFuDRhXhQmHL176LrCFmxKEIkW7XQMpKFEDc9Ryiz8dnTcVDAdCK25K8cNKBBlwdIg58cE9Ka6BaE4NNBEZxU+uC8A1NzQkRTKrKlfhqqdtV2JWxFYFo2hB2RnNQni8uf1hzoiYsUAI+G11yOH9z+qCk5Nh9bAXcwbpC4+f0AfQZH8o0C8SDri9+H1T7uzL1+ZhsUuieggN216uuIbI5dUVbYaYyGXg+88DEPH73cKT0I9UYVrog26bSTVRpUQQH+rBSUoCYsUKA2jeR8kfDz02V1Gs1ECSSqft Keys for Kubernetes OCI Cluster","state":"ACTIVE","subnet_ids":["ocid1.subnet.oc1.eu-frankfurt-1.aaaaaaaazvo6jvhewgi5plgez3ud6oynmfhfqtso2bvrjsnrzcuwkovop6za"],"timeouts":null},"sensitive_attributes":[],"private":"eyJlMmJmYjczMC1lY2FhLTExZTYtOGY4OC0zNDM2M2JjN2M0YzAiOnsiY3JlYXRlIjozMDAwMDAwMDAwMDAwLCJkZWxldGUiOjMwMDAwMDAwMDAwMDAsInVwZGF0ZSI6MzAwMDAwMDAwMDAwMH19","dependencies":["module.vcn.data.oci_core_services.all_oci_services","module.vcn.oci_core_internet_gateway.ig","module.vcn.oci_core_local_peering_gateway.lpg","module.vcn.oci_core_nat_gateway.nat_gateway","module.vcn.oci_core_route_table.ig","module.vcn.oci_core_route_table.nat","module.vcn.oci_core_service_gateway.service_gateway","module.vcn.oci_core_vcn.vcn","oci_containerengine_cluster.k8s_cluster","oci_core_security_list.private_subnet_sl","oci_core_security_list.public_subnet_sl","oci_core_subnet.vcn_private_subnet","oci_core_subnet.vcn_public_subnet","oci_core_volume.arm_instance_volume"]}]},{"mode":"managed","type":"oci_core_network_security_group","name":"nginx_ingress_network_security_group","provider":"provider[\"registry.opentofu.org/oracle/oci\"]","instances":[{"schema_version":0,"attributes":{"compartment_id":"ocid1.tenancy.oc1..aaaaaaaaa4beorissd4mjfwzawrp2mxhhbolxlppv4rie7uoifkvnxg5unga","defined_tags":{"Oracle-Tags.CreatedBy":"default/pensionaru","Oracle-Tags.CreatedOn":"2025-03-04T00:54:05.853Z"},"display_name":"networksecuritygroup20250304005406","freeform_tags":{},"id":"ocid1.networksecuritygroup.oc1.eu-frankfurt-1.aaaaaaaa6m47c52764nlmpvvvy74bcigt6g4hqeokx2j24mevcwi7j4xopuq","state":"AVAILABLE","time_created":"2025-03-04 00:54:06.097 +0000 UTC","timeouts":null,"vcn_id":"ocid1.vcn.oc1.eu-frankfurt-1.amaaaaaafiarzayairoeyaab65zuozhritwtjymiezzx4rlhru6uinesw7vq"},"sensitive_attributes":[],"private":"eyJlMmJmYjczMC1lY2FhLTExZTYtOGY4OC0zNDM2M2JjN2M0YzAiOnsiY3JlYXRlIjoxMjAwMDAwMDAwMDAwLCJkZWxldGUiOjEyMDAwMDAwMDAwMDAsInVwZGF0ZSI6MTIwMDAwMDAwMDAwMH19","dependencies":["module.vcn.oci_core_vcn.vcn"]}]},{"mode":"managed","type":"oci_core_network_security_group_security_rule","name":"nginx_ingress_network_security_group_security_rule_443","provider":"provider[\"registry.opentofu.org/oracle/oci\"]","instances":[{"schema_version":0,"attributes":{"description":"nginx-ingress","destination":null,"destination_type":"","direction":"INGRESS","icmp_options":[],"id":"9BF57B","is_valid":true,"network_security_group_id":"ocid1.networksecuritygroup.oc1.eu-frankfurt-1.aaaaaaaa6m47c52764nlmpvvvy74bcigt6g4hqeokx2j24mevcwi7j4xopuq","protocol":"6","source":"0.0.0.0/0","source_type":"CIDR_BLOCK","stateless":false,"tcp_options":[{"destination_port_range":[{"max":443,"min":443}],"source_port_range":[]}],"time_created":"2025-03-04 00:54:06.578 +0000 UTC","timeouts":null,"udp_options":[]},"sensitive_attributes":[],"private":"eyJlMmJmYjczMC1lY2FhLTExZTYtOGY4OC0zNDM2M2JjN2M0YzAiOnsiY3JlYXRlIjoxMjAwMDAwMDAwMDAwLCJkZWxldGUiOjEyMDAwMDAwMDAwMDAsInVwZGF0ZSI6MTIwMDAwMDAwMDAwMH19","dependencies":["module.vcn.oci_core_vcn.vcn","oci_core_network_security_group.nginx_ingress_network_security_group"]}]},{"mode":"managed","type":"oci_core_network_security_group_security_rule","name":"nginx_ingress_network_security_group_security_rule_80","provider":"provider[\"registry.opentofu.org/oracle/oci\"]","instances":[{"schema_version":0,"attributes":{"description":"nginx-ingress","destination":null,"destination_type":"","direction":"INGRESS","icmp_options":[],"id":"EA266A","is_valid":true,"network_security_group_id":"ocid1.networksecuritygroup.oc1.eu-frankfurt-1.aaaaaaaa6m47c52764nlmpvvvy74bcigt6g4hqeokx2j24mevcwi7j4xopuq","protocol":"6","source":"0.0.0.0/0","source_type":"CIDR_BLOCK","stateless":false,"tcp_options":[{"destination_port_range":[{"max":80,"min":80}],"source_port_range":[]}],"time_created":"2025-03-04 00:54:06.685 +0000 UTC","timeouts":null,"udp_options":[]},"sensitive_attributes":[],"private":"eyJlMmJmYjczMC1lY2FhLTExZTYtOGY4OC0zNDM2M2JjN2M0YzAiOnsiY3JlYXRlIjoxMjAwMDAwMDAwMDAwLCJkZWxldGUiOjEyMDAwMDAwMDAwMDAsInVwZGF0ZSI6MTIwMDAwMDAwMDAwMH19","dependencies":["module.vcn.oci_core_vcn.vcn","oci_core_network_security_group.nginx_ingress_network_security_group"]}]},{"mode":"managed","type":"oci_core_security_list","name":"private_subnet_sl","provider":"provider[\"registry.opentofu.org/oracle/oci\"]","instances":[{"schema_version":0,"attributes":{"compartment_id":"ocid1.tenancy.oc1..aaaaaaaaa4beorissd4mjfwzawrp2mxhhbolxlppv4rie7uoifkvnxg5unga","defined_tags":{"Oracle-Tags.CreatedBy":"default/pensionaru","Oracle-Tags.CreatedOn":"2025-03-04T00:54:05.913Z"},"display_name":"free-k8s-private-subnet-sl","egress_security_rules":[{"description":"","destination":"0.0.0.0/0","destination_type":"CIDR_BLOCK","icmp_options":[],"protocol":"all","stateless":false,"tcp_options":[],"udp_options":[]}],"freeform_tags":{},"id":"ocid1.securitylist.oc1.eu-frankfurt-1.aaaaaaaargaairtm7wnwupkpsaubtuic6fdqghaamyxudlv4qnqwsdngiavq","ingress_security_rules":[{"description":"","icmp_options":[],"protocol":"all","source":"10.0.0.0/16","source_type":"CIDR_BLOCK","stateless":false,"tcp_options":[],"udp_options":[]}],"state":"AVAILABLE","time_created":"2025-03-04 00:54:05.984 +0000 UTC","timeouts":null,"vcn_id":"ocid1.vcn.oc1.eu-frankfurt-1.amaaaaaafiarzayairoeyaab65zuozhritwtjymiezzx4rlhru6uinesw7vq"},"sensitive_attributes":[],"private":"eyJlMmJmYjczMC1lY2FhLTExZTYtOGY4OC0zNDM2M2JjN2M0YzAiOnsiY3JlYXRlIjoxMjAwMDAwMDAwMDAwLCJkZWxldGUiOjEyMDAwMDAwMDAwMDAsInVwZGF0ZSI6MTIwMDAwMDAwMDAwMH19","dependencies":["module.vcn.oci_core_vcn.vcn"]}]},{"mode":"managed","type":"oci_core_security_list","name":"public_subnet_sl","provider":"provider[\"registry.opentofu.org/oracle/oci\"]","instances":[{"schema_version":0,"attributes":{"compartment_id":"ocid1.tenancy.oc1..aaaaaaaaa4beorissd4mjfwzawrp2mxhhbolxlppv4rie7uoifkvnxg5unga","defined_tags":{"Oracle-Tags.CreatedBy":"default/pensionaru","Oracle-Tags.CreatedOn":"2025-03-04T00:54:05.911Z"},"display_name":"free-k8s-public-subnet-sl","egress_security_rules":[{"description":"","destination":"0.0.0.0/0","destination_type":"CIDR_BLOCK","icmp_options":[],"protocol":"all","stateless":false,"tcp_options":[],"udp_options":[]}],"freeform_tags":{},"id":"ocid1.securitylist.oc1.eu-frankfurt-1.aaaaaaaapolzhf4njwsfn3m6svtax4f7cpsamhrx7efsyxobu3capsff5mba","ingress_security_rules":[{"description":"","icmp_options":[],"protocol":"17","source":"0.0.0.0/0","source_type":"CIDR_BLOCK","stateless":false,"tcp_options":[],"udp_options":[{"max":30111,"min":30111,"source_port_range":[]}]},{"description":"","icmp_options":[],"protocol":"6","source":"0.0.0.0/0","source_type":"CIDR_BLOCK","stateless":false,"tcp_options":[{"max":443,"min":443,"source_port_range":[]}],"udp_options":[]},{"description":"","icmp_options":[],"protocol":"6","source":"0.0.0.0/0","source_type":"CIDR_BLOCK","stateless":false,"tcp_options":[{"max":6443,"min":6443,"source_port_range":[]}],"udp_options":[]},{"description":"","icmp_options":[],"protocol":"6","source":"0.0.0.0/0","source_type":"CIDR_BLOCK","stateless":false,"tcp_options":[{"max":80,"min":80,"source_port_range":[]}],"udp_options":[]},{"description":"","icmp_options":[],"protocol":"all","source":"10.0.0.0/16","source_type":"CIDR_BLOCK","stateless":false,"tcp_options":[],"udp_options":[]}],"state":"AVAILABLE","time_created":"2025-03-04 00:54:05.969 +0000 UTC","timeouts":null,"vcn_id":"ocid1.vcn.oc1.eu-frankfurt-1.amaaaaaafiarzayairoeyaab65zuozhritwtjymiezzx4rlhru6uinesw7vq"},"sensitive_attributes":[],"private":"eyJlMmJmYjczMC1lY2FhLTExZTYtOGY4OC0zNDM2M2JjN2M0YzAiOnsiY3JlYXRlIjoxMjAwMDAwMDAwMDAwLCJkZWxldGUiOjEyMDAwMDAwMDAwMDAsInVwZGF0ZSI6MTIwMDAwMDAwMDAwMH19","dependencies":["module.vcn.oci_core_vcn.vcn"]}]},{"mode":"managed","type":"oci_core_subnet","name":"vcn_private_subnet","provider":"provider[\"registry.opentofu.org/oracle/oci\"]","instances":[{"schema_version":0,"attributes":{"availability_domain":null,"cidr_block":"10.0.1.0/24","compartment_id":"ocid1.tenancy.oc1..aaaaaaaaa4beorissd4mjfwzawrp2mxhhbolxlppv4rie7uoifkvnxg5unga","defined_tags":{"Oracle-Tags.CreatedBy":"default/pensionaru","Oracle-Tags.CreatedOn":"2025-03-04T00:54:06.910Z"},"dhcp_options_id":"ocid1.dhcpoptions.oc1.eu-frankfurt-1.aaaaaaaahdqdfc525u2rfcfwfymrisg76u6kfuj4hk4fgk3mznv5bfuzvwpq","display_name":"free-k8s-private-subnet","dns_label":null,"freeform_tags":{},"id":"ocid1.subnet.oc1.eu-frankfurt-1.aaaaaaaazvo6jvhewgi5plgez3ud6oynmfhfqtso2bvrjsnrzcuwkovop6za","ipv6cidr_block":null,"ipv6cidr_blocks":[],"ipv6virtual_router_ip":null,"prohibit_internet_ingress":true,"prohibit_public_ip_on_vnic":true,"route_table_id":"ocid1.routetable.oc1.eu-frankfurt-1.aaaaaaaa32ho4x5o7cjt26zn4xhklufxlaareh7uq6snkgl563gfh5ja5mma","security_list_ids":["ocid1.securitylist.oc1.eu-frankfurt-1.aaaaaaaargaairtm7wnwupkpsaubtuic6fdqghaamyxudlv4qnqwsdngiavq"],"state":"AVAILABLE","subnet_domain_name":null,"time_created":"2025-03-04 00:54:08.527 +0000 UTC","timeouts":null,"vcn_id":"ocid1.vcn.oc1.eu-frankfurt-1.amaaaaaafiarzayairoeyaab65zuozhritwtjymiezzx4rlhru6uinesw7vq","virtual_router_ip":"10.0.1.1","virtual_router_mac":"00:00:17:71:4E:73"},"sensitive_attributes":[],"private":"eyJlMmJmYjczMC1lY2FhLTExZTYtOGY4OC0zNDM2M2JjN2M0YzAiOnsiY3JlYXRlIjoxMjAwMDAwMDAwMDAwLCJkZWxldGUiOjEyMDAwMDAwMDAwMDAsInVwZGF0ZSI6MTIwMDAwMDAwMDAwMH19","dependencies":["module.vcn.data.oci_core_services.all_oci_services","module.vcn.oci_core_local_peering_gateway.lpg","module.vcn.oci_core_nat_gateway.nat_gateway","module.vcn.oci_core_route_table.nat","module.vcn.oci_core_service_gateway.service_gateway","module.vcn.oci_core_vcn.vcn","oci_core_security_list.private_subnet_sl"]}]},{"mode":"managed","type":"oci_core_subnet","name":"vcn_public_subnet","provider":"provider[\"registry.opentofu.org/oracle/oci\"]","instances":[{"schema_version":0,"attributes":{"availability_domain":null,"cidr_block":"10.0.0.0/24","compartment_id":"ocid1.tenancy.oc1..aaaaaaaaa4beorissd4mjfwzawrp2mxhhbolxlppv4rie7uoifkvnxg5unga","defined_tags":{"Oracle-Tags.CreatedBy":"default/pensionaru","Oracle-Tags.CreatedOn":"2025-03-04T00:54:06.910Z"},"dhcp_options_id":"ocid1.dhcpoptions.oc1.eu-frankfurt-1.aaaaaaaahdqdfc525u2rfcfwfymrisg76u6kfuj4hk4fgk3mznv5bfuzvwpq","display_name":"free-k8s-public-subnet","dns_label":null,"freeform_tags":{},"id":"ocid1.subnet.oc1.eu-frankfurt-1.aaaaaaaa7rzn6vfcxs5fnejxt6hnrgsk4grietm3bfvlaukfzjqytov6duoq","ipv6cidr_block":null,"ipv6cidr_blocks":[],"ipv6virtual_router_ip":null,"prohibit_internet_ingress":false,"prohibit_public_ip_on_vnic":false,"route_table_id":"ocid1.routetable.oc1.eu-frankfurt-1.aaaaaaaad6dilotwxvh52csksjrpjjfa66qvbnwjjw2rtoobzwmuuhneacmq","security_list_ids":["ocid1.securitylist.oc1.eu-frankfurt-1.aaaaaaaapolzhf4njwsfn3m6svtax4f7cpsamhrx7efsyxobu3capsff5mba"],"state":"AVAILABLE","subnet_domain_name":null,"time_created":"2025-03-04 00:54:06.995 +0000 UTC","timeouts":null,"vcn_id":"ocid1.vcn.oc1.eu-frankfurt-1.amaaaaaafiarzayairoeyaab65zuozhritwtjymiezzx4rlhru6uinesw7vq","virtual_router_ip":"10.0.0.1","virtual_router_mac":"00:00:17:71:4E:73"},"sensitive_attributes":[],"private":"eyJlMmJmYjczMC1lY2FhLTExZTYtOGY4OC0zNDM2M2JjN2M0YzAiOnsiY3JlYXRlIjoxMjAwMDAwMDAwMDAwLCJkZWxldGUiOjEyMDAwMDAwMDAwMDAsInVwZGF0ZSI6MTIwMDAwMDAwMDAwMH19","dependencies":["module.vcn.oci_core_internet_gateway.ig","module.vcn.oci_core_local_peering_gateway.lpg","module.vcn.oci_core_route_table.ig","module.vcn.oci_core_vcn.vcn","oci_core_security_list.public_subnet_sl"]}]},{"mode":"managed","type":"oci_core_volume","name":"arm_instance_volume","provider":"provider[\"registry.opentofu.org/oracle/oci\"]","instances":[{"index_key":0,"schema_version":0,"attributes":{"auto_tuned_vpus_per_gb":null,"autotune_policies":[],"availability_domain":"lIXD:EU-FRANKFURT-1-AD-2","backup_policy_id":null,"block_volume_replicas":[],"block_volume_replicas_deletion":null,"compartment_id":"ocid1.tenancy.oc1..aaaaaaaaa4beorissd4mjfwzawrp2mxhhbolxlppv4rie7uoifkvnxg5unga","defined_tags":{"Oracle-Tags.CreatedBy":"default/pensionaru","Oracle-Tags.CreatedOn":"2025-03-04T00:54:05.640Z"},"display_name":"abtheljttpaqosm4c4fttlgfvxv22fdadh5phvpcu42xkckjkzqpwn4co55q","freeform_tags":{"free-k8s-index":"0"},"id":"ocid1.volume.oc1.eu-frankfurt-1.abtheljttpaqosm4c4fttlgfvxv22fdadh5phvpcu42xkckjkzqpwn4co55q","is_auto_tune_enabled":false,"is_hydrated":true,"kms_key_id":null,"size_in_gbs":"50","size_in_mbs":"51200","source_details":[],"state":"AVAILABLE","system_tags":{"orcl-cloud.free-tier-retained":"true"},"time_created":"2025-03-04 00:54:05.648 +0000 UTC","timeouts":null,"volume_backup_id":null,"volume_group_id":null,"vpus_per_gb":"10"},"sensitive_attributes":[],"private":"eyJlMmJmYjczMC1lY2FhLTExZTYtOGY4OC0zNDM2M2JjN2M0YzAiOnsiY3JlYXRlIjoxMjAwMDAwMDAwMDAwLCJkZWxldGUiOjEyMDAwMDAwMDAwMDAsInVwZGF0ZSI6MTIwMDAwMDAwMDAwMH19"},{"index_key":1,"schema_version":0,"attributes":{"auto_tuned_vpus_per_gb":null,"autotune_policies":[],"availability_domain":"lIXD:EU-FRANKFURT-1-AD-1","backup_policy_id":null,"block_volume_replicas":[],"block_volume_replicas_deletion":null,"compartment_id":"ocid1.tenancy.oc1..aaaaaaaaa4beorissd4mjfwzawrp2mxhhbolxlppv4rie7uoifkvnxg5unga","defined_tags":{"Oracle-Tags.CreatedBy":"default/pensionaru","Oracle-Tags.CreatedOn":"2025-03-04T00:54:05.312Z"},"display_name":"abtheljslfvnd5rg2cozjqgw2qyna6pw32sd7jzzzwbyebbezpi7ho7lq7mq","freeform_tags":{"free-k8s-index":"1"},"id":"ocid1.volume.oc1.eu-frankfurt-1.abtheljslfvnd5rg2cozjqgw2qyna6pw32sd7jzzzwbyebbezpi7ho7lq7mq","is_auto_tune_enabled":false,"is_hydrated":true,"kms_key_id":null,"size_in_gbs":"50","size_in_mbs":"51200","source_details":[],"state":"AVAILABLE","system_tags":{"orcl-cloud.free-tier-retained":"true"},"time_created":"2025-03-04 00:54:05.318 +0000 UTC","timeouts":null,"volume_backup_id":null,"volume_group_id":null,"vpus_per_gb":"10"},"sensitive_attributes":[],"private":"eyJlMmJmYjczMC1lY2FhLTExZTYtOGY4OC0zNDM2M2JjN2M0YzAiOnsiY3JlYXRlIjoxMjAwMDAwMDAwMDAwLCJkZWxldGUiOjEyMDAwMDAwMDAwMDAsInVwZGF0ZSI6MTIwMDAwMDAwMDAwMH19"}]},{"mode":"managed","type":"oci_identity_dynamic_group","name":"k8s_instances","provider":"provider[\"registry.opentofu.org/oracle/oci\"]","instances":[{"schema_version":0,"attributes":{"compartment_id":"ocid1.tenancy.oc1..aaaaaaaaa4beorissd4mjfwzawrp2mxhhbolxlppv4rie7uoifkvnxg5unga","defined_tags":{"Oracle-Tags.CreatedBy":"default/pensionaru","Oracle-Tags.CreatedOn":"2025-03-04T00:54:05.459Z"},"description":"k8s instances","freeform_tags":{"Type":"k8s"},"id":"ocid1.dynamicgroup.oc1..aaaaaaaay6l5daxb5yw5zs4e744atcfmsgpklctpay5b22wunf4sysyjujzq","inactive_state":null,"matching_rule":"instance.compartment.id = ocid1.tenancy.oc1..aaaaaaaaa4beorissd4mjfwzawrp2mxhhbolxlppv4rie7uoifkvnxg5unga","name":"k8s_instances","state":"ACTIVE","time_created":"2025-03-04 00:54:05.532 +0000 UTC","timeouts":null},"sensitive_attributes":[],"private":"eyJlMmJmYjczMC1lY2FhLTExZTYtOGY4OC0zNDM2M2JjN2M0YzAiOnsiY3JlYXRlIjoxMjAwMDAwMDAwMDAwLCJkZWxldGUiOjEyMDAwMDAwMDAwMDAsInVwZGF0ZSI6MTIwMDAwMDAwMDAwMH19"}]},{"mode":"managed","type":"oci_identity_policy","name":"k8s_instance_policy","provider":"provider[\"registry.opentofu.org/oracle/oci\"]","instances":[{"schema_version":0,"attributes":{"ETag":"9ad47b3208d87d0b1bfa7836df10f29069996229","compartment_id":"ocid1.tenancy.oc1..aaaaaaaaa4beorissd4mjfwzawrp2mxhhbolxlppv4rie7uoifkvnxg5unga","defined_tags":{"Oracle-Tags.CreatedBy":"default/pensionaru","Oracle-Tags.CreatedOn":"2025-03-04T00:54:05.314Z"},"description":"allow k8s instances to mount disks","freeform_tags":{},"id":"ocid1.policy.oc1..aaaaaaaawgutrwfs7bgukz4fojpovdnhhiadn6yt6mdth7wmmkgc43gh4sbq","inactive_state":null,"lastUpdateETag":"9ad47b3208d87d0b1bfa7836df10f29069996229","name":"k8s_allow_disks","policyHash":"f752f5dd9bf88762ce812448f9c8f090","state":"ACTIVE","statements":["Allow dynamic-group k8s_instances to use instance-family in tenancy","Allow dynamic-group k8s_instances to use volumes in tenancy","Allow dynamic-group k8s_instances to manage volume-attachments in tenancy"],"time_created":"2025-03-04 00:54:05.403 +0000 UTC","timeouts":null,"version_date":null},"sensitive_attributes":[],"private":"eyJlMmJmYjczMC1lY2FhLTExZTYtOGY4OC0zNDM2M2JjN2M0YzAiOnsiY3JlYXRlIjoxMjAwMDAwMDAwMDAwLCJkZWxldGUiOjEyMDAwMDAwMDAwMDAsInVwZGF0ZSI6MTIwMDAwMDAwMDAwMH19"}]},{"mode":"managed","type":"oci_identity_policy","name":"k8s_instance_policy_metrics","provider":"provider[\"registry.opentofu.org/oracle/oci\"]","instances":[{"schema_version":0,"attributes":{"ETag":"1002f42fe5afcfeff5037d9676f377958eb33dc3","compartment_id":"ocid1.tenancy.oc1..aaaaaaaaa4beorissd4mjfwzawrp2mxhhbolxlppv4rie7uoifkvnxg5unga","defined_tags":{"Oracle-Tags.CreatedBy":"default/pensionaru","Oracle-Tags.CreatedOn":"2025-03-04T00:54:05.274Z"},"description":"allow k8s instances to read oci metrics","freeform_tags":{},"id":"ocid1.policy.oc1..aaaaaaaanyjokgu5npdcxs6a2566xfqd7sjukwiugfb5lomdrbvl3f7kfjyq","inactive_state":null,"lastUpdateETag":"1002f42fe5afcfeff5037d9676f377958eb33dc3","name":"k8s_allow_oci_metrics","policyHash":"0856bf99a73e77aaa126dbc45184f1ff","state":"ACTIVE","statements":["Allow dynamic-group k8s_instances to read metrics in tenancy","Allow dynamic-group k8s_instances to read compartments in tenancy"],"time_created":"2025-03-04 00:54:05.292 +0000 UTC","timeouts":null,"version_date":null},"sensitive_attributes":[],"private":"eyJlMmJmYjczMC1lY2FhLTExZTYtOGY4OC0zNDM2M2JjN2M0YzAiOnsiY3JlYXRlIjoxMjAwMDAwMDAwMDAwLCJkZWxldGUiOjEyMDAwMDAwMDAwMDAsInVwZGF0ZSI6MTIwMDAwMDAwMDAwMH19"}]},{"module":"module.vcn","mode":"data","type":"oci_core_services","name":"all_oci_services","provider":"provider[\"registry.opentofu.org/oracle/oci\"]","instances":[{"index_key":0,"schema_version":0,"attributes":{"filter":[{"name":"name","regex":true,"values":["All .* Services In Oracle Services Network"]}],"id":"CoreServicesDataSource-0","services":[{"cidr_block":"all-fra-services-in-oracle-services-network","description":"All FRA Services In Oracle Services Network","id":"ocid1.service.oc1.eu-frankfurt-1.aaaaaaaa7ncsqkj6lkz36dehifizupyn6qjqsmtepsegs23yyntnsy7qrvea","name":"All FRA Services In Oracle Services Network"}]},"sensitive_attributes":[]}]},{"module":"module.vcn","mode":"managed","type":"oci_core_default_security_list","name":"lockdown","provider":"provider[\"registry.opentofu.org/oracle/oci\"]","instances":[{"index_key":0,"schema_version":0,"attributes":{"compartment_id":"ocid1.tenancy.oc1..aaaaaaaaa4beorissd4mjfwzawrp2mxhhbolxlppv4rie7uoifkvnxg5unga","defined_tags":{"Oracle-Tags.CreatedBy":"default/pensionaru","Oracle-Tags.CreatedOn":"2025-03-04T00:54:05.220Z"},"display_name":"Default Security List for free-k8s-vcn","egress_security_rules":[],"freeform_tags":{"module":"oracle-terraform-modules/vcn/oci","terraformed":"Please do not edit manually"},"id":"ocid1.securitylist.oc1.eu-frankfurt-1.aaaaaaaa6pagtmfwd7kya3jvvxjo34y7ajcmd26pgxy5sdatmxfqkcheojba","ingress_security_rules":[],"manage_default_resource_id":"ocid1.securitylist.oc1.eu-frankfurt-1.aaaaaaaa6pagtmfwd7kya3jvvxjo34y7ajcmd26pgxy5sdatmxfqkcheojba","state":"AVAILABLE","time_created":"2025-03-04 00:54:05.304 +0000 UTC","timeouts":null},"sensitive_attributes":[],"private":"eyJlMmJmYjczMC1lY2FhLTExZTYtOGY4OC0zNDM2M2JjN2M0YzAiOnsiY3JlYXRlIjoxMjAwMDAwMDAwMDAwLCJkZWxldGUiOjEyMDAwMDAwMDAwMDAsInVwZGF0ZSI6MTIwMDAwMDAwMDAwMH19","dependencies":["module.vcn.oci_core_vcn.vcn"]}]},{"module":"module.vcn","mode":"managed","type":"oci_core_internet_gateway","name":"ig","provider":"provider[\"registry.opentofu.org/oracle/oci\"]","instances":[{"index_key":0,"schema_version":0,"attributes":{"compartment_id":"ocid1.tenancy.oc1..aaaaaaaaa4beorissd4mjfwzawrp2mxhhbolxlppv4rie7uoifkvnxg5unga","defined_tags":{"Oracle-Tags.CreatedBy":"default/pensionaru","Oracle-Tags.CreatedOn":"2025-03-04T00:54:05.911Z"},"display_name":"internet-gateway","enabled":true,"freeform_tags":{"module":"oracle-terraform-modules/vcn/oci","terraformed":"Please do not edit manually"},"id":"ocid1.internetgateway.oc1.eu-frankfurt-1.aaaaaaaadvileopga5fxtdn7xwlzsagiqtc4ikr7j2efz3hpgzzojpztsssq","route_table_id":null,"state":"AVAILABLE","time_created":"2025-03-04 00:54:05.982 +0000 UTC","timeouts":null,"vcn_id":"ocid1.vcn.oc1.eu-frankfurt-1.amaaaaaafiarzayairoeyaab65zuozhritwtjymiezzx4rlhru6uinesw7vq"},"sensitive_attributes":[],"private":"eyJlMmJmYjczMC1lY2FhLTExZTYtOGY4OC0zNDM2M2JjN2M0YzAiOnsiY3JlYXRlIjoxMjAwMDAwMDAwMDAwLCJkZWxldGUiOjEyMDAwMDAwMDAwMDAsInVwZGF0ZSI6MTIwMDAwMDAwMDAwMH19","dependencies":["module.vcn.oci_core_vcn.vcn"]}]},{"module":"module.vcn","mode":"managed","type":"oci_core_nat_gateway","name":"nat_gateway","provider":"provider[\"registry.opentofu.org/oracle/oci\"]","instances":[{"index_key":0,"schema_version":0,"attributes":{"block_traffic":false,"compartment_id":"ocid1.tenancy.oc1..aaaaaaaaa4beorissd4mjfwzawrp2mxhhbolxlppv4rie7uoifkvnxg5unga","defined_tags":{"Oracle-Tags.CreatedBy":"default/pensionaru","Oracle-Tags.CreatedOn":"2025-03-04T00:54:05.928Z"},"display_name":"nat-gateway","freeform_tags":{"module":"oracle-terraform-modules/vcn/oci","terraformed":"Please do not edit manually"},"id":"ocid1.natgateway.oc1.eu-frankfurt-1.aaaaaaaanojhys5hxt44ekyjdqdrx4asa3i4wzijngptxc4rcmu447fkasxq","nat_ip":"144.24.168.244","public_ip_id":"ocid1.publicip.oc1.eu-frankfurt-1.aaaaaaaaihd3x55iqyt6s6tjbmtekkynvx5qspaqa75rlnyirsawmcsfjmla","route_table_id":null,"state":"AVAILABLE","time_created":"2025-03-04 00:54:06.14 +0000 UTC","timeouts":null,"vcn_id":"ocid1.vcn.oc1.eu-frankfurt-1.amaaaaaafiarzayairoeyaab65zuozhritwtjymiezzx4rlhru6uinesw7vq"},"sensitive_attributes":[],"private":"eyJlMmJmYjczMC1lY2FhLTExZTYtOGY4OC0zNDM2M2JjN2M0YzAiOnsiY3JlYXRlIjoxMjAwMDAwMDAwMDAwLCJkZWxldGUiOjEyMDAwMDAwMDAwMDAsInVwZGF0ZSI6MTIwMDAwMDAwMDAwMH19","dependencies":["module.vcn.oci_core_vcn.vcn"]}]},{"module":"module.vcn","mode":"managed","type":"oci_core_route_table","name":"ig","provider":"provider[\"registry.opentofu.org/oracle/oci\"]","instances":[{"index_key":0,"schema_version":0,"attributes":{"compartment_id":"ocid1.tenancy.oc1..aaaaaaaaa4beorissd4mjfwzawrp2mxhhbolxlppv4rie7uoifkvnxg5unga","defined_tags":{"Oracle-Tags.CreatedBy":"default/pensionaru","Oracle-Tags.CreatedOn":"2025-03-04T00:54:06.471Z"},"display_name":"internet-route","freeform_tags":{"module":"oracle-terraform-modules/vcn/oci","terraformed":"Please do not edit manually"},"id":"ocid1.routetable.oc1.eu-frankfurt-1.aaaaaaaad6dilotwxvh52csksjrpjjfa66qvbnwjjw2rtoobzwmuuhneacmq","route_rules":[{"cidr_block":"","description":"Terraformed - Auto-generated at Internet Gateway creation: Internet Gateway as default gateway","destination":"0.0.0.0/0","destination_type":"CIDR_BLOCK","network_entity_id":"ocid1.internetgateway.oc1.eu-frankfurt-1.aaaaaaaadvileopga5fxtdn7xwlzsagiqtc4ikr7j2efz3hpgzzojpztsssq","route_type":""}],"state":"AVAILABLE","time_created":"2025-03-04 00:54:06.508 +0000 UTC","timeouts":null,"vcn_id":"ocid1.vcn.oc1.eu-frankfurt-1.amaaaaaafiarzayairoeyaab65zuozhritwtjymiezzx4rlhru6uinesw7vq"},"sensitive_attributes":[],"private":"eyJlMmJmYjczMC1lY2FhLTExZTYtOGY4OC0zNDM2M2JjN2M0YzAiOnsiY3JlYXRlIjoxMjAwMDAwMDAwMDAwLCJkZWxldGUiOjEyMDAwMDAwMDAwMDAsInVwZGF0ZSI6MTIwMDAwMDAwMDAwMH19","dependencies":["module.vcn.oci_core_internet_gateway.ig","module.vcn.oci_core_local_peering_gateway.lpg","module.vcn.oci_core_vcn.vcn"]}]},{"module":"module.vcn","mode":"managed","type":"oci_core_route_table","name":"nat","provider":"provider[\"registry.opentofu.org/oracle/oci\"]","instances":[{"index_key":0,"schema_version":0,"attributes":{"compartment_id":"ocid1.tenancy.oc1..aaaaaaaaa4beorissd4mjfwzawrp2mxhhbolxlppv4rie7uoifkvnxg5unga","defined_tags":{"Oracle-Tags.CreatedBy":"default/pensionaru","Oracle-Tags.CreatedOn":"2025-03-04T00:54:08.114Z"},"display_name":"nat-route","freeform_tags":{"module":"oracle-terraform-modules/vcn/oci","terraformed":"Please do not edit manually"},"id":"ocid1.routetable.oc1.eu-frankfurt-1.aaaaaaaa32ho4x5o7cjt26zn4xhklufxlaareh7uq6snkgl563gfh5ja5mma","route_rules":[{"cidr_block":"","description":"Terraformed - Auto-generated at NAT Gateway creation: NAT Gateway as default gateway","destination":"0.0.0.0/0","destination_type":"CIDR_BLOCK","network_entity_id":"ocid1.natgateway.oc1.eu-frankfurt-1.aaaaaaaanojhys5hxt44ekyjdqdrx4asa3i4wzijngptxc4rcmu447fkasxq","route_type":""},{"cidr_block":"","description":"Terraformed - Auto-generated at Service Gateway creation: All Services in region to Service Gateway","destination":"all-fra-services-in-oracle-services-network","destination_type":"SERVICE_CIDR_BLOCK","network_entity_id":"ocid1.servicegateway.oc1.eu-frankfurt-1.aaaaaaaay5bhzok4tcusfbto6ogsz5ckldnncjoh4u5dxtrls4emm7vlojua","route_type":""}],"state":"AVAILABLE","time_created":"2025-03-04 00:54:08.156 +0000 UTC","timeouts":null,"vcn_id":"ocid1.vcn.oc1.eu-frankfurt-1.amaaaaaafiarzayairoeyaab65zuozhritwtjymiezzx4rlhru6uinesw7vq"},"sensitive_attributes":[],"private":"eyJlMmJmYjczMC1lY2FhLTExZTYtOGY4OC0zNDM2M2JjN2M0YzAiOnsiY3JlYXRlIjoxMjAwMDAwMDAwMDAwLCJkZWxldGUiOjEyMDAwMDAwMDAwMDAsInVwZGF0ZSI6MTIwMDAwMDAwMDAwMH19","dependencies":["module.vcn.data.oci_core_services.all_oci_services","module.vcn.oci_core_local_peering_gateway.lpg","module.vcn.oci_core_nat_gateway.nat_gateway","module.vcn.oci_core_service_gateway.service_gateway","module.vcn.oci_core_vcn.vcn"]}]},{"module":"module.vcn","mode":"managed","type":"oci_core_route_table","name":"service_gw","provider":"provider[\"registry.opentofu.org/oracle/oci\"]","instances":[{"index_key":0,"schema_version":0,"attributes":{"compartment_id":"ocid1.tenancy.oc1..aaaaaaaaa4beorissd4mjfwzawrp2mxhhbolxlppv4rie7uoifkvnxg5unga","defined_tags":{"Oracle-Tags.CreatedBy":"default/pensionaru","Oracle-Tags.CreatedOn":"2025-03-04T00:54:08.034Z"},"display_name":"service-gw-route","freeform_tags":{"module":"oracle-terraform-modules/vcn/oci","terraformed":"Please do not edit manually"},"id":"ocid1.routetable.oc1.eu-frankfurt-1.aaaaaaaawssvxukadgbfcrrda4oedieqltdwskycc3uiwxrqlipdacemt32q","route_rules":[{"cidr_block":"","description":"Terraformed - Auto-generated at Service Gateway creation: All Services in region to Service Gateway","destination":"all-fra-services-in-oracle-services-network","destination_type":"SERVICE_CIDR_BLOCK","network_entity_id":"ocid1.servicegateway.oc1.eu-frankfurt-1.aaaaaaaay5bhzok4tcusfbto6ogsz5ckldnncjoh4u5dxtrls4emm7vlojua","route_type":""}],"state":"AVAILABLE","time_created":"2025-03-04 00:54:08.046 +0000 UTC","timeouts":null,"vcn_id":"ocid1.vcn.oc1.eu-frankfurt-1.amaaaaaafiarzayairoeyaab65zuozhritwtjymiezzx4rlhru6uinesw7vq"},"sensitive_attributes":[],"private":"eyJlMmJmYjczMC1lY2FhLTExZTYtOGY4OC0zNDM2M2JjN2M0YzAiOnsiY3JlYXRlIjoxMjAwMDAwMDAwMDAwLCJkZWxldGUiOjEyMDAwMDAwMDAwMDAsInVwZGF0ZSI6MTIwMDAwMDAwMDAwMH19","dependencies":["module.vcn.data.oci_core_services.all_oci_services","module.vcn.oci_core_service_gateway.service_gateway","module.vcn.oci_core_vcn.vcn"]}]},{"module":"module.vcn","mode":"managed","type":"oci_core_service_gateway","name":"service_gateway","provider":"provider[\"registry.opentofu.org/oracle/oci\"]","instances":[{"index_key":0,"schema_version":0,"attributes":{"block_traffic":false,"compartment_id":"ocid1.tenancy.oc1..aaaaaaaaa4beorissd4mjfwzawrp2mxhhbolxlppv4rie7uoifkvnxg5unga","defined_tags":{"Oracle-Tags.CreatedBy":"default/pensionaru","Oracle-Tags.CreatedOn":"2025-03-04T00:54:05.805Z"},"display_name":"service-gateway","freeform_tags":{"module":"oracle-terraform-modules/vcn/oci","terraformed":"Please do not edit manually"},"id":"ocid1.servicegateway.oc1.eu-frankfurt-1.aaaaaaaay5bhzok4tcusfbto6ogsz5ckldnncjoh4u5dxtrls4emm7vlojua","route_table_id":null,"services":[{"service_id":"ocid1.service.oc1.eu-frankfurt-1.aaaaaaaa7ncsqkj6lkz36dehifizupyn6qjqsmtepsegs23yyntnsy7qrvea","service_name":"All FRA Services In Oracle Services Network"}],"state":"AVAILABLE","time_created":"2025-03-04 00:54:07.205 +0000 UTC","timeouts":null,"vcn_id":"ocid1.vcn.oc1.eu-frankfurt-1.amaaaaaafiarzayairoeyaab65zuozhritwtjymiezzx4rlhru6uinesw7vq"},"sensitive_attributes":[],"private":"eyJlMmJmYjczMC1lY2FhLTExZTYtOGY4OC0zNDM2M2JjN2M0YzAiOnsiY3JlYXRlIjoxMjAwMDAwMDAwMDAwLCJkZWxldGUiOjEyMDAwMDAwMDAwMDAsInVwZGF0ZSI6MTIwMDAwMDAwMDAwMH19","dependencies":["module.vcn.data.oci_core_services.all_oci_services","module.vcn.oci_core_vcn.vcn"]}]},{"module":"module.vcn","mode":"managed","type":"oci_core_vcn","name":"vcn","provider":"provider[\"registry.opentofu.org/oracle/oci\"]","instances":[{"schema_version":0,"attributes":{"byoipv6cidr_blocks":[],"byoipv6cidr_details":[],"cidr_block":"10.0.0.0/16","cidr_blocks":["10.0.0.0/16"],"compartment_id":"ocid1.tenancy.oc1..aaaaaaaaa4beorissd4mjfwzawrp2mxhhbolxlppv4rie7uoifkvnxg5unga","default_dhcp_options_id":"ocid1.dhcpoptions.oc1.eu-frankfurt-1.aaaaaaaahdqdfc525u2rfcfwfymrisg76u6kfuj4hk4fgk3mznv5bfuzvwpq","default_route_table_id":"ocid1.routetable.oc1.eu-frankfurt-1.aaaaaaaaslzagdtdamgzzc2iryar6cgzoqiyictjak6jdied2oausqh4p7ka","default_security_list_id":"ocid1.securitylist.oc1.eu-frankfurt-1.aaaaaaaa6pagtmfwd7kya3jvvxjo34y7ajcmd26pgxy5sdatmxfqkcheojba","defined_tags":{"Oracle-Tags.CreatedBy":"default/pensionaru","Oracle-Tags.CreatedOn":"2025-03-04T00:54:05.220Z"},"display_name":"free-k8s-vcn","dns_label":"freek8svcn","freeform_tags":{"module":"oracle-terraform-modules/vcn/oci","terraformed":"Please do not edit manually"},"id":"ocid1.vcn.oc1.eu-frankfurt-1.amaaaaaafiarzayairoeyaab65zuozhritwtjymiezzx4rlhru6uinesw7vq","ipv6cidr_blocks":[],"ipv6private_cidr_blocks":[],"is_ipv6enabled":false,"is_oracle_gua_allocation_enabled":null,"state":"AVAILABLE","time_created":"2025-03-04 00:54:05.304 +0000 UTC","timeouts":null,"vcn_domain_name":"freek8svcn.oraclevcn.com"},"sensitive_attributes":[],"private":"eyJlMmJmYjczMC1lY2FhLTExZTYtOGY4OC0zNDM2M2JjN2M0YzAiOnsiY3JlYXRlIjoxMjAwMDAwMDAwMDAwLCJkZWxldGUiOjEyMDAwMDAwMDAwMDAsInVwZGF0ZSI6MTIwMDAwMDAwMDAwMH19"}]}],"check_results":[{"object_kind":"var","config_addr":"module.vcn.var.vcn_dns_label","status":"unknown","objects":null},{"object_kind":"var","config_addr":"module.vcn.var.internet_gateway_display_name","status":"unknown","objects":null},{"object_kind":"var","config_addr":"module.vcn.var.vcn_name","status":"unknown","objects":null},{"object_kind":"var","config_addr":"module.vcn.var.nat_gateway_display_name","status":"unknown","objects":null},{"object_kind":"var","config_addr":"module.vcn.var.service_gateway_display_name","status":"unknown","objects":null}]}
